// !$*UTF8*$!
{
	archiveVersion = 1;
	classes = {
	};
	objectVersion = 56;
	objects = {

/* Begin PBXBuildFile section */
		1CFB327E5CDDE70F8227695D /* Pods_MoviesDB.framework in Frameworks */ = {isa = PBXBuildFile; fileRef = FDB44F26B01220474D0C5C03 /* Pods_MoviesDB.framework */; };
		B15F515C292751BF006C48AF /* AppDelegate.swift in Sources */ = {isa = PBXBuildFile; fileRef = B15F515B292751BF006C48AF /* AppDelegate.swift */; };
		B15F515E292751BF006C48AF /* SceneDelegate.swift in Sources */ = {isa = PBXBuildFile; fileRef = B15F515D292751BF006C48AF /* SceneDelegate.swift */; };
		B15F5165292751C2006C48AF /* Assets.xcassets in Resources */ = {isa = PBXBuildFile; fileRef = B15F5164292751C2006C48AF /* Assets.xcassets */; };
		B15F5168292751C2006C48AF /* LaunchScreen.storyboard in Resources */ = {isa = PBXBuildFile; fileRef = B15F5166292751C2006C48AF /* LaunchScreen.storyboard */; };
		B15F517D292751C3006C48AF /* MoviesDBUITests.swift in Sources */ = {isa = PBXBuildFile; fileRef = B15F517C292751C3006C48AF /* MoviesDBUITests.swift */; };
		B15F517F292751C3006C48AF /* MoviesDBUITestsLaunchTests.swift in Sources */ = {isa = PBXBuildFile; fileRef = B15F517E292751C3006C48AF /* MoviesDBUITestsLaunchTests.swift */; };
		B15F518C292754B1006C48AF /* OMDB-Info.plist in Resources */ = {isa = PBXBuildFile; fileRef = B15F518B292754B1006C48AF /* OMDB-Info.plist */; };
		B15F5191292758E0006C48AF /* RootRouter.swift in Sources */ = {isa = PBXBuildFile; fileRef = B15F5190292758E0006C48AF /* RootRouter.swift */; };
		B15F519629275B6E006C48AF /* MoviesVC.swift in Sources */ = {isa = PBXBuildFile; fileRef = B15F519529275B6E006C48AF /* MoviesVC.swift */; };
		B15F519929275BB5006C48AF /* MoviesContract.swift in Sources */ = {isa = PBXBuildFile; fileRef = B15F519829275BB5006C48AF /* MoviesContract.swift */; };
		B15F519C29275CC4006C48AF /* MoviesRouter.swift in Sources */ = {isa = PBXBuildFile; fileRef = B15F519B29275CC4006C48AF /* MoviesRouter.swift */; };
		B15F519F29277A48006C48AF /* PinterestLayout.swift in Sources */ = {isa = PBXBuildFile; fileRef = B15F519E29277A48006C48AF /* PinterestLayout.swift */; };
		B15F51A829277B3D006C48AF /* UIWindow+Utility.swift in Sources */ = {isa = PBXBuildFile; fileRef = B15F51A029277B3C006C48AF /* UIWindow+Utility.swift */; };
		B15F51A929277B3D006C48AF /* UIFont+Utility.swift in Sources */ = {isa = PBXBuildFile; fileRef = B15F51A129277B3C006C48AF /* UIFont+Utility.swift */; };
		B15F51AA29277B3D006C48AF /* UIAlertController+Utility.swift in Sources */ = {isa = PBXBuildFile; fileRef = B15F51A229277B3C006C48AF /* UIAlertController+Utility.swift */; };
		B15F51AB29277B3D006C48AF /* UIColor+Utility.swift in Sources */ = {isa = PBXBuildFile; fileRef = B15F51A329277B3C006C48AF /* UIColor+Utility.swift */; };
		B15F51AC29277B3D006C48AF /* UICollectionView+Utility.swift in Sources */ = {isa = PBXBuildFile; fileRef = B15F51A429277B3C006C48AF /* UICollectionView+Utility.swift */; };
		B15F51AD29277B3D006C48AF /* Toast.swift in Sources */ = {isa = PBXBuildFile; fileRef = B15F51A529277B3C006C48AF /* Toast.swift */; };
		B15F51AE29277B3D006C48AF /* UITableView+Utility.swift in Sources */ = {isa = PBXBuildFile; fileRef = B15F51A629277B3C006C48AF /* UITableView+Utility.swift */; };
		B15F51AF29277B3D006C48AF /* UIViewController+Utility.swift in Sources */ = {isa = PBXBuildFile; fileRef = B15F51A729277B3C006C48AF /* UIViewController+Utility.swift */; };
		B15F51B129277D75006C48AF /* MoviesVC+UITextField.swift in Sources */ = {isa = PBXBuildFile; fileRef = B15F51B029277D75006C48AF /* MoviesVC+UITextField.swift */; };
		B15F51B429277E53006C48AF /* MovieContentCell.swift in Sources */ = {isa = PBXBuildFile; fileRef = B15F51B329277E53006C48AF /* MovieContentCell.swift */; };
		B15F51B629277EAE006C48AF /* MoviesVC+UICollectionView.swift in Sources */ = {isa = PBXBuildFile; fileRef = B15F51B529277EAE006C48AF /* MoviesVC+UICollectionView.swift */; };
		B15F51BA29277F48006C48AF /* MovieAPIService.swift in Sources */ = {isa = PBXBuildFile; fileRef = B15F51B829277F48006C48AF /* MovieAPIService.swift */; };
		B15F51BB29277F48006C48AF /* NetworkManager.swift in Sources */ = {isa = PBXBuildFile; fileRef = B15F51B929277F48006C48AF /* NetworkManager.swift */; };
		B15F51BD2928E074006C48AF /* MovieAPIServiceTests.swift in Sources */ = {isa = PBXBuildFile; fileRef = B15F51BC2928E074006C48AF /* MovieAPIServiceTests.swift */; };
		B15F51C02928E1C8006C48AF /* OMDbMovieResult.swift in Sources */ = {isa = PBXBuildFile; fileRef = B15F51BF2928E1C8006C48AF /* OMDbMovieResult.swift */; };
		B1B1A7CB2928E793005DEBA5 /* Nunito-Regular.ttf in Resources */ = {isa = PBXBuildFile; fileRef = B1B1A7C82928E793005DEBA5 /* Nunito-Regular.ttf */; };
		B1B1A7CC2928E793005DEBA5 /* Nunito-SemiBold.ttf in Resources */ = {isa = PBXBuildFile; fileRef = B1B1A7C92928E793005DEBA5 /* Nunito-SemiBold.ttf */; };
		B1B1A7CD2928E793005DEBA5 /* Nunito-Bold.ttf in Resources */ = {isa = PBXBuildFile; fileRef = B1B1A7CA2928E793005DEBA5 /* Nunito-Bold.ttf */; };
		B1B1A7CF2928E869005DEBA5 /* search_result_sample.json in Resources */ = {isa = PBXBuildFile; fileRef = B1B1A7CE2928E869005DEBA5 /* search_result_sample.json */; };
		B1B1A7D12928E896005DEBA5 /* OMDbResultsTests.swift in Sources */ = {isa = PBXBuildFile; fileRef = B1B1A7D02928E896005DEBA5 /* OMDbResultsTests.swift */; };
		B1B1A7D32928E937005DEBA5 /* search_result_empty_sample.json in Resources */ = {isa = PBXBuildFile; fileRef = B1B1A7D22928E936005DEBA5 /* search_result_empty_sample.json */; };
		B1B1A7D52928EAE3005DEBA5 /* search_result_sample_by_id.json in Resources */ = {isa = PBXBuildFile; fileRef = B1B1A7D42928EAE3005DEBA5 /* search_result_sample_by_id.json */; };
		F69CE24FF4FB3BEE4EF585C9 /* Pods_MoviesDB_MoviesDBUITests.framework in Frameworks */ = {isa = PBXBuildFile; fileRef = 91FFDFD22597409BEBA0073C /* Pods_MoviesDB_MoviesDBUITests.framework */; };
		FC59C2A714BF7588553D9428 /* Pods_MoviesDBTests.framework in Frameworks */ = {isa = PBXBuildFile; fileRef = 38B3D063BAF77C28D58D5483 /* Pods_MoviesDBTests.framework */; };
/* End PBXBuildFile section */

/* Begin PBXContainerItemProxy section */
		B15F516F292751C3006C48AF /* PBXContainerItemProxy */ = {
			isa = PBXContainerItemProxy;
			containerPortal = B15F5150292751BF006C48AF /* Project object */;
			proxyType = 1;
			remoteGlobalIDString = B15F5157292751BF006C48AF;
			remoteInfo = MoviesDB;
		};
		B15F5179292751C3006C48AF /* PBXContainerItemProxy */ = {
			isa = PBXContainerItemProxy;
			containerPortal = B15F5150292751BF006C48AF /* Project object */;
			proxyType = 1;
			remoteGlobalIDString = B15F5157292751BF006C48AF;
			remoteInfo = MoviesDB;
		};
/* End PBXContainerItemProxy section */

/* Begin PBXFileReference section */
		00A46060D5DD8ED450F11598 /* Pods-MoviesDB.debug.xcconfig */ = {isa = PBXFileReference; includeInIndex = 1; lastKnownFileType = text.xcconfig; name = "Pods-MoviesDB.debug.xcconfig"; path = "Target Support Files/Pods-MoviesDB/Pods-MoviesDB.debug.xcconfig"; sourceTree = "<group>"; };
		0674811BD662B62EA68CB74E /* Pods-MoviesDBTests.debug.xcconfig */ = {isa = PBXFileReference; includeInIndex = 1; lastKnownFileType = text.xcconfig; name = "Pods-MoviesDBTests.debug.xcconfig"; path = "Target Support Files/Pods-MoviesDBTests/Pods-MoviesDBTests.debug.xcconfig"; sourceTree = "<group>"; };
		38B3D063BAF77C28D58D5483 /* Pods_MoviesDBTests.framework */ = {isa = PBXFileReference; explicitFileType = wrapper.framework; includeInIndex = 0; path = Pods_MoviesDBTests.framework; sourceTree = BUILT_PRODUCTS_DIR; };
		6022356FA0E01FB5683865BA /* Pods-MoviesDB-MoviesDBUITests.debug.xcconfig */ = {isa = PBXFileReference; includeInIndex = 1; lastKnownFileType = text.xcconfig; name = "Pods-MoviesDB-MoviesDBUITests.debug.xcconfig"; path = "Target Support Files/Pods-MoviesDB-MoviesDBUITests/Pods-MoviesDB-MoviesDBUITests.debug.xcconfig"; sourceTree = "<group>"; };
		6746581F9F4228F1131347DF /* Pods-MoviesDB-MoviesDBUITests.release.xcconfig */ = {isa = PBXFileReference; includeInIndex = 1; lastKnownFileType = text.xcconfig; name = "Pods-MoviesDB-MoviesDBUITests.release.xcconfig"; path = "Target Support Files/Pods-MoviesDB-MoviesDBUITests/Pods-MoviesDB-MoviesDBUITests.release.xcconfig"; sourceTree = "<group>"; };
		793E598130A24FAB5F378827 /* Pods-MoviesDBTests.release.xcconfig */ = {isa = PBXFileReference; includeInIndex = 1; lastKnownFileType = text.xcconfig; name = "Pods-MoviesDBTests.release.xcconfig"; path = "Target Support Files/Pods-MoviesDBTests/Pods-MoviesDBTests.release.xcconfig"; sourceTree = "<group>"; };
		91FFDFD22597409BEBA0073C /* Pods_MoviesDB_MoviesDBUITests.framework */ = {isa = PBXFileReference; explicitFileType = wrapper.framework; includeInIndex = 0; path = Pods_MoviesDB_MoviesDBUITests.framework; sourceTree = BUILT_PRODUCTS_DIR; };
		B15F5158292751BF006C48AF /* MoviesDB.app */ = {isa = PBXFileReference; explicitFileType = wrapper.application; includeInIndex = 0; path = MoviesDB.app; sourceTree = BUILT_PRODUCTS_DIR; };
		B15F515B292751BF006C48AF /* AppDelegate.swift */ = {isa = PBXFileReference; lastKnownFileType = sourcecode.swift; path = AppDelegate.swift; sourceTree = "<group>"; };
		B15F515D292751BF006C48AF /* SceneDelegate.swift */ = {isa = PBXFileReference; lastKnownFileType = sourcecode.swift; path = SceneDelegate.swift; sourceTree = "<group>"; };
		B15F5164292751C2006C48AF /* Assets.xcassets */ = {isa = PBXFileReference; lastKnownFileType = folder.assetcatalog; path = Assets.xcassets; sourceTree = "<group>"; };
		B15F5167292751C2006C48AF /* Base */ = {isa = PBXFileReference; lastKnownFileType = file.storyboard; name = Base; path = Base.lproj/LaunchScreen.storyboard; sourceTree = "<group>"; };
		B15F5169292751C2006C48AF /* Info.plist */ = {isa = PBXFileReference; lastKnownFileType = text.plist.xml; path = Info.plist; sourceTree = "<group>"; };
		B15F516E292751C3006C48AF /* MoviesDBTests.xctest */ = {isa = PBXFileReference; explicitFileType = wrapper.cfbundle; includeInIndex = 0; path = MoviesDBTests.xctest; sourceTree = BUILT_PRODUCTS_DIR; };
		B15F5178292751C3006C48AF /* MoviesDBUITests.xctest */ = {isa = PBXFileReference; explicitFileType = wrapper.cfbundle; includeInIndex = 0; path = MoviesDBUITests.xctest; sourceTree = BUILT_PRODUCTS_DIR; };
		B15F517C292751C3006C48AF /* MoviesDBUITests.swift */ = {isa = PBXFileReference; lastKnownFileType = sourcecode.swift; path = MoviesDBUITests.swift; sourceTree = "<group>"; };
		B15F517E292751C3006C48AF /* MoviesDBUITestsLaunchTests.swift */ = {isa = PBXFileReference; lastKnownFileType = sourcecode.swift; path = MoviesDBUITestsLaunchTests.swift; sourceTree = "<group>"; };
		B15F518B292754B1006C48AF /* OMDB-Info.plist */ = {isa = PBXFileReference; lastKnownFileType = text.plist.xml; path = "OMDB-Info.plist"; sourceTree = "<group>"; };
		B15F5190292758E0006C48AF /* RootRouter.swift */ = {isa = PBXFileReference; lastKnownFileType = sourcecode.swift; path = RootRouter.swift; sourceTree = "<group>"; };
		B15F519529275B6E006C48AF /* MoviesVC.swift */ = {isa = PBXFileReference; lastKnownFileType = sourcecode.swift; path = MoviesVC.swift; sourceTree = "<group>"; };
		B15F519829275BB5006C48AF /* MoviesContract.swift */ = {isa = PBXFileReference; lastKnownFileType = sourcecode.swift; path = MoviesContract.swift; sourceTree = "<group>"; };
		B15F519B29275CC4006C48AF /* MoviesRouter.swift */ = {isa = PBXFileReference; lastKnownFileType = sourcecode.swift; path = MoviesRouter.swift; sourceTree = "<group>"; };
		B15F519E29277A48006C48AF /* PinterestLayout.swift */ = {isa = PBXFileReference; fileEncoding = 4; lastKnownFileType = sourcecode.swift; path = PinterestLayout.swift; sourceTree = "<group>"; };
		B15F51A029277B3C006C48AF /* UIWindow+Utility.swift */ = {isa = PBXFileReference; fileEncoding = 4; lastKnownFileType = sourcecode.swift; path = "UIWindow+Utility.swift"; sourceTree = "<group>"; };
		B15F51A129277B3C006C48AF /* UIFont+Utility.swift */ = {isa = PBXFileReference; fileEncoding = 4; lastKnownFileType = sourcecode.swift; path = "UIFont+Utility.swift"; sourceTree = "<group>"; };
		B15F51A229277B3C006C48AF /* UIAlertController+Utility.swift */ = {isa = PBXFileReference; fileEncoding = 4; lastKnownFileType = sourcecode.swift; path = "UIAlertController+Utility.swift"; sourceTree = "<group>"; };
		B15F51A329277B3C006C48AF /* UIColor+Utility.swift */ = {isa = PBXFileReference; fileEncoding = 4; lastKnownFileType = sourcecode.swift; path = "UIColor+Utility.swift"; sourceTree = "<group>"; };
		B15F51A429277B3C006C48AF /* UICollectionView+Utility.swift */ = {isa = PBXFileReference; fileEncoding = 4; lastKnownFileType = sourcecode.swift; path = "UICollectionView+Utility.swift"; sourceTree = "<group>"; };
		B15F51A529277B3C006C48AF /* Toast.swift */ = {isa = PBXFileReference; fileEncoding = 4; lastKnownFileType = sourcecode.swift; path = Toast.swift; sourceTree = "<group>"; };
		B15F51A629277B3C006C48AF /* UITableView+Utility.swift */ = {isa = PBXFileReference; fileEncoding = 4; lastKnownFileType = sourcecode.swift; path = "UITableView+Utility.swift"; sourceTree = "<group>"; };
		B15F51A729277B3C006C48AF /* UIViewController+Utility.swift */ = {isa = PBXFileReference; fileEncoding = 4; lastKnownFileType = sourcecode.swift; path = "UIViewController+Utility.swift"; sourceTree = "<group>"; };
		B15F51B029277D75006C48AF /* MoviesVC+UITextField.swift */ = {isa = PBXFileReference; lastKnownFileType = sourcecode.swift; path = "MoviesVC+UITextField.swift"; sourceTree = "<group>"; };
		B15F51B329277E53006C48AF /* MovieContentCell.swift */ = {isa = PBXFileReference; fileEncoding = 4; lastKnownFileType = sourcecode.swift; path = MovieContentCell.swift; sourceTree = "<group>"; };
		B15F51B529277EAE006C48AF /* MoviesVC+UICollectionView.swift */ = {isa = PBXFileReference; lastKnownFileType = sourcecode.swift; path = "MoviesVC+UICollectionView.swift"; sourceTree = "<group>"; };
		B15F51B829277F48006C48AF /* MovieAPIService.swift */ = {isa = PBXFileReference; fileEncoding = 4; lastKnownFileType = sourcecode.swift; path = MovieAPIService.swift; sourceTree = "<group>"; };
		B15F51B929277F48006C48AF /* NetworkManager.swift */ = {isa = PBXFileReference; fileEncoding = 4; lastKnownFileType = sourcecode.swift; path = NetworkManager.swift; sourceTree = "<group>"; };
		B15F51BC2928E074006C48AF /* MovieAPIServiceTests.swift */ = {isa = PBXFileReference; lastKnownFileType = sourcecode.swift; path = MovieAPIServiceTests.swift; sourceTree = "<group>"; };
		B15F51BF2928E1C8006C48AF /* OMDbMovieResult.swift */ = {isa = PBXFileReference; lastKnownFileType = sourcecode.swift; path = OMDbMovieResult.swift; sourceTree = "<group>"; };
		B1B1A7C82928E793005DEBA5 /* Nunito-Regular.ttf */ = {isa = PBXFileReference; lastKnownFileType = file; path = "Nunito-Regular.ttf"; sourceTree = "<group>"; };
		B1B1A7C92928E793005DEBA5 /* Nunito-SemiBold.ttf */ = {isa = PBXFileReference; lastKnownFileType = file; path = "Nunito-SemiBold.ttf"; sourceTree = "<group>"; };
		B1B1A7CA2928E793005DEBA5 /* Nunito-Bold.ttf */ = {isa = PBXFileReference; lastKnownFileType = file; path = "Nunito-Bold.ttf"; sourceTree = "<group>"; };
		B1B1A7CE2928E869005DEBA5 /* search_result_sample.json */ = {isa = PBXFileReference; lastKnownFileType = text.json; path = search_result_sample.json; sourceTree = "<group>"; };
		B1B1A7D02928E896005DEBA5 /* OMDbResultsTests.swift */ = {isa = PBXFileReference; lastKnownFileType = sourcecode.swift; path = OMDbResultsTests.swift; sourceTree = "<group>"; };
		B1B1A7D22928E936005DEBA5 /* search_result_empty_sample.json */ = {isa = PBXFileReference; fileEncoding = 4; lastKnownFileType = text.json; path = search_result_empty_sample.json; sourceTree = "<group>"; };
		B1B1A7D42928EAE3005DEBA5 /* search_result_sample_by_id.json */ = {isa = PBXFileReference; fileEncoding = 4; lastKnownFileType = text.json; path = search_result_sample_by_id.json; sourceTree = "<group>"; };
		C4491DEDECD679E9F95CF921 /* Pods-MoviesDB.release.xcconfig */ = {isa = PBXFileReference; includeInIndex = 1; lastKnownFileType = text.xcconfig; name = "Pods-MoviesDB.release.xcconfig"; path = "Target Support Files/Pods-MoviesDB/Pods-MoviesDB.release.xcconfig"; sourceTree = "<group>"; };
		FDB44F26B01220474D0C5C03 /* Pods_MoviesDB.framework */ = {isa = PBXFileReference; explicitFileType = wrapper.framework; includeInIndex = 0; path = Pods_MoviesDB.framework; sourceTree = BUILT_PRODUCTS_DIR; };
/* End PBXFileReference section */

/* Begin PBXFrameworksBuildPhase section */
		B15F5155292751BF006C48AF /* Frameworks */ = {
			isa = PBXFrameworksBuildPhase;
			buildActionMask = 2147483647;
			files = (
				1CFB327E5CDDE70F8227695D /* Pods_MoviesDB.framework in Frameworks */,
			);
			runOnlyForDeploymentPostprocessing = 0;
		};
		B15F516B292751C3006C48AF /* Frameworks */ = {
			isa = PBXFrameworksBuildPhase;
			buildActionMask = 2147483647;
			files = (
				FC59C2A714BF7588553D9428 /* Pods_MoviesDBTests.framework in Frameworks */,
			);
			runOnlyForDeploymentPostprocessing = 0;
		};
		B15F5175292751C3006C48AF /* Frameworks */ = {
			isa = PBXFrameworksBuildPhase;
			buildActionMask = 2147483647;
			files = (
				F69CE24FF4FB3BEE4EF585C9 /* Pods_MoviesDB_MoviesDBUITests.framework in Frameworks */,
			);
			runOnlyForDeploymentPostprocessing = 0;
		};
/* End PBXFrameworksBuildPhase section */

/* Begin PBXGroup section */
		8623AD5C50934D855B8F74FB /* Pods */ = {
			isa = PBXGroup;
			children = (
				00A46060D5DD8ED450F11598 /* Pods-MoviesDB.debug.xcconfig */,
				C4491DEDECD679E9F95CF921 /* Pods-MoviesDB.release.xcconfig */,
				6022356FA0E01FB5683865BA /* Pods-MoviesDB-MoviesDBUITests.debug.xcconfig */,
				6746581F9F4228F1131347DF /* Pods-MoviesDB-MoviesDBUITests.release.xcconfig */,
				0674811BD662B62EA68CB74E /* Pods-MoviesDBTests.debug.xcconfig */,
				793E598130A24FAB5F378827 /* Pods-MoviesDBTests.release.xcconfig */,
			);
			path = Pods;
			sourceTree = "<group>";
		};
		B15F514F292751BF006C48AF = {
			isa = PBXGroup;
			children = (
				B15F515A292751BF006C48AF /* MoviesDB */,
				B15F5171292751C3006C48AF /* MoviesDBTests */,
				B15F517B292751C3006C48AF /* MoviesDBUITests */,
				B15F5159292751BF006C48AF /* Products */,
				8623AD5C50934D855B8F74FB /* Pods */,
				E86A4044C0C376CAAD4B26CE /* Frameworks */,
			);
			sourceTree = "<group>";
		};
		B15F5159292751BF006C48AF /* Products */ = {
			isa = PBXGroup;
			children = (
				B15F5158292751BF006C48AF /* MoviesDB.app */,
				B15F516E292751C3006C48AF /* MoviesDBTests.xctest */,
				B15F5178292751C3006C48AF /* MoviesDBUITests.xctest */,
			);
			name = Products;
			sourceTree = "<group>";
		};
		B15F515A292751BF006C48AF /* MoviesDB */ = {
			isa = PBXGroup;
			children = (
				B15F518E29275647006C48AF /* Apps */,
				B15F519D29277A39006C48AF /* Helpers */,
				B15F51BE2928E16C006C48AF /* Models */,
				B15F519229275A85006C48AF /* Modules */,
				B15F51B729277F48006C48AF /* Networking */,
				B15F518D29275631006C48AF /* Resources */,
				B15F518F29275653006C48AF /* Supporting Files */,
			);
			path = MoviesDB;
			sourceTree = "<group>";
		};
		B15F5171292751C3006C48AF /* MoviesDBTests */ = {
			isa = PBXGroup;
			children = (
				B1B1A7D42928EAE3005DEBA5 /* search_result_sample_by_id.json */,
				B15F51BC2928E074006C48AF /* MovieAPIServiceTests.swift */,
				B1B1A7D22928E936005DEBA5 /* search_result_empty_sample.json */,
				B1B1A7CE2928E869005DEBA5 /* search_result_sample.json */,
				B1B1A7D02928E896005DEBA5 /* OMDbResultsTests.swift */,
			);
			path = MoviesDBTests;
			sourceTree = "<group>";
		};
		B15F517B292751C3006C48AF /* MoviesDBUITests */ = {
			isa = PBXGroup;
			children = (
				B15F517C292751C3006C48AF /* MoviesDBUITests.swift */,
				B15F517E292751C3006C48AF /* MoviesDBUITestsLaunchTests.swift */,
			);
			path = MoviesDBUITests;
			sourceTree = "<group>";
		};
		B15F518D29275631006C48AF /* Resources */ = {
			isa = PBXGroup;
			children = (
				B1B1A7C72928E793005DEBA5 /* Fonts */,
				B15F5164292751C2006C48AF /* Assets.xcassets */,
				B15F5166292751C2006C48AF /* LaunchScreen.storyboard */,
			);
			path = Resources;
			sourceTree = "<group>";
		};
		B15F518E29275647006C48AF /* Apps */ = {
			isa = PBXGroup;
			children = (
				B15F515B292751BF006C48AF /* AppDelegate.swift */,
				B15F515D292751BF006C48AF /* SceneDelegate.swift */,
				B15F5190292758E0006C48AF /* RootRouter.swift */,
			);
			path = Apps;
			sourceTree = "<group>";
		};
		B15F518F29275653006C48AF /* Supporting Files */ = {
			isa = PBXGroup;
			children = (
				B15F5169292751C2006C48AF /* Info.plist */,
				B15F518B292754B1006C48AF /* OMDB-Info.plist */,
			);
			path = "Supporting Files";
			sourceTree = "<group>";
		};
		B15F519229275A85006C48AF /* Modules */ = {
			isa = PBXGroup;
			children = (
				B15F519329275AB9006C48AF /* Movies */,
			);
			path = Modules;
			sourceTree = "<group>";
		};
		B15F519329275AB9006C48AF /* Movies */ = {
			isa = PBXGroup;
			children = (
				B15F519A29275CB2006C48AF /* Router */,
				B15F519729275BA1006C48AF /* Contract */,
				B15F519429275B42006C48AF /* View */,
			);
			path = Movies;
			sourceTree = "<group>";
		};
		B15F519429275B42006C48AF /* View */ = {
			isa = PBXGroup;
			children = (
				B15F51B229277E45006C48AF /* Cell */,
				B15F519529275B6E006C48AF /* MoviesVC.swift */,
				B15F51B029277D75006C48AF /* MoviesVC+UITextField.swift */,
				B15F51B529277EAE006C48AF /* MoviesVC+UICollectionView.swift */,
			);
			path = View;
			sourceTree = "<group>";
		};
		B15F519729275BA1006C48AF /* Contract */ = {
			isa = PBXGroup;
			children = (
				B15F519829275BB5006C48AF /* MoviesContract.swift */,
			);
			path = Contract;
			sourceTree = "<group>";
		};
		B15F519A29275CB2006C48AF /* Router */ = {
			isa = PBXGroup;
			children = (
				B15F519B29275CC4006C48AF /* MoviesRouter.swift */,
			);
			path = Router;
			sourceTree = "<group>";
		};
		B15F519D29277A39006C48AF /* Helpers */ = {
			isa = PBXGroup;
			children = (
				B15F519E29277A48006C48AF /* PinterestLayout.swift */,
				B15F51A529277B3C006C48AF /* Toast.swift */,
				B15F51A229277B3C006C48AF /* UIAlertController+Utility.swift */,
				B15F51A429277B3C006C48AF /* UICollectionView+Utility.swift */,
				B15F51A329277B3C006C48AF /* UIColor+Utility.swift */,
				B15F51A129277B3C006C48AF /* UIFont+Utility.swift */,
				B15F51A629277B3C006C48AF /* UITableView+Utility.swift */,
				B15F51A729277B3C006C48AF /* UIViewController+Utility.swift */,
				B15F51A029277B3C006C48AF /* UIWindow+Utility.swift */,
			);
			path = Helpers;
			sourceTree = "<group>";
		};
		B15F51B229277E45006C48AF /* Cell */ = {
			isa = PBXGroup;
			children = (
				B15F51B329277E53006C48AF /* MovieContentCell.swift */,
			);
			path = Cell;
			sourceTree = "<group>";
		};
		B15F51B729277F48006C48AF /* Networking */ = {
			isa = PBXGroup;
			children = (
				B15F51B829277F48006C48AF /* MovieAPIService.swift */,
				B15F51B929277F48006C48AF /* NetworkManager.swift */,
			);
			path = Networking;
			sourceTree = "<group>";
		};
		B15F51BE2928E16C006C48AF /* Models */ = {
			isa = PBXGroup;
			children = (
				B15F51BF2928E1C8006C48AF /* OMDbMovieResult.swift */,
			);
			path = Models;
			sourceTree = "<group>";
		};
		B1B1A7C72928E793005DEBA5 /* Fonts */ = {
			isa = PBXGroup;
			children = (
				B1B1A7C82928E793005DEBA5 /* Nunito-Regular.ttf */,
				B1B1A7C92928E793005DEBA5 /* Nunito-SemiBold.ttf */,
				B1B1A7CA2928E793005DEBA5 /* Nunito-Bold.ttf */,
			);
			path = Fonts;
			sourceTree = "<group>";
		};
		E86A4044C0C376CAAD4B26CE /* Frameworks */ = {
			isa = PBXGroup;
			children = (
				FDB44F26B01220474D0C5C03 /* Pods_MoviesDB.framework */,
				91FFDFD22597409BEBA0073C /* Pods_MoviesDB_MoviesDBUITests.framework */,
				38B3D063BAF77C28D58D5483 /* Pods_MoviesDBTests.framework */,
			);
			name = Frameworks;
			sourceTree = "<group>";
		};
/* End PBXGroup section */

/* Begin PBXNativeTarget section */
		B15F5157292751BF006C48AF /* MoviesDB */ = {
			isa = PBXNativeTarget;
			buildConfigurationList = B15F5182292751C3006C48AF /* Build configuration list for PBXNativeTarget "MoviesDB" */;
			buildPhases = (
				49776F2393F19CC7ABA9EE82 /* [CP] Check Pods Manifest.lock */,
				B15F5154292751BF006C48AF /* Sources */,
				B15F5155292751BF006C48AF /* Frameworks */,
				B15F5156292751BF006C48AF /* Resources */,
				7F4B276292978A07D2D7B30D /* [CP] Embed Pods Frameworks */,
			);
			buildRules = (
			);
			dependencies = (
			);
			name = MoviesDB;
			productName = MoviesDB;
			productReference = B15F5158292751BF006C48AF /* MoviesDB.app */;
			productType = "com.apple.product-type.application";
		};
		B15F516D292751C3006C48AF /* MoviesDBTests */ = {
			isa = PBXNativeTarget;
			buildConfigurationList = B15F5185292751C3006C48AF /* Build configuration list for PBXNativeTarget "MoviesDBTests" */;
			buildPhases = (
				7058C80963C3B0ABB3CB47A1 /* [CP] Check Pods Manifest.lock */,
				B15F516A292751C3006C48AF /* Sources */,
				B15F516B292751C3006C48AF /* Frameworks */,
				B15F516C292751C3006C48AF /* Resources */,
			);
			buildRules = (
			);
			dependencies = (
				B15F5170292751C3006C48AF /* PBXTargetDependency */,
			);
			name = MoviesDBTests;
			productName = MoviesDBTests;
			productReference = B15F516E292751C3006C48AF /* MoviesDBTests.xctest */;
			productType = "com.apple.product-type.bundle.unit-test";
		};
		B15F5177292751C3006C48AF /* MoviesDBUITests */ = {
			isa = PBXNativeTarget;
			buildConfigurationList = B15F5188292751C3006C48AF /* Build configuration list for PBXNativeTarget "MoviesDBUITests" */;
			buildPhases = (
				22FA124BECB39CF74C420F45 /* [CP] Check Pods Manifest.lock */,
				B15F5174292751C3006C48AF /* Sources */,
				B15F5175292751C3006C48AF /* Frameworks */,
				B15F5176292751C3006C48AF /* Resources */,
				646DD95683561DAB29C1F9CB /* [CP] Embed Pods Frameworks */,
			);
			buildRules = (
			);
			dependencies = (
				B15F517A292751C3006C48AF /* PBXTargetDependency */,
			);
			name = MoviesDBUITests;
			productName = MoviesDBUITests;
			productReference = B15F5178292751C3006C48AF /* MoviesDBUITests.xctest */;
			productType = "com.apple.product-type.bundle.ui-testing";
		};
/* End PBXNativeTarget section */

/* Begin PBXProject section */
		B15F5150292751BF006C48AF /* Project object */ = {
			isa = PBXProject;
			attributes = {
				BuildIndependentTargetsInParallel = 1;
				LastSwiftUpdateCheck = 1410;
				LastUpgradeCheck = 1410;
				TargetAttributes = {
					B15F5157292751BF006C48AF = {
						CreatedOnToolsVersion = 14.1;
					};
					B15F516D292751C3006C48AF = {
						CreatedOnToolsVersion = 14.1;
						TestTargetID = B15F5157292751BF006C48AF;
					};
					B15F5177292751C3006C48AF = {
						CreatedOnToolsVersion = 14.1;
						TestTargetID = B15F5157292751BF006C48AF;
					};
				};
			};
			buildConfigurationList = B15F5153292751BF006C48AF /* Build configuration list for PBXProject "MoviesDB" */;
			compatibilityVersion = "Xcode 14.0";
			developmentRegion = en;
			hasScannedForEncodings = 0;
			knownRegions = (
				en,
				Base,
			);
			mainGroup = B15F514F292751BF006C48AF;
			productRefGroup = B15F5159292751BF006C48AF /* Products */;
			projectDirPath = "";
			projectRoot = "";
			targets = (
				B15F5157292751BF006C48AF /* MoviesDB */,
				B15F516D292751C3006C48AF /* MoviesDBTests */,
				B15F5177292751C3006C48AF /* MoviesDBUITests */,
			);
		};
/* End PBXProject section */

/* Begin PBXResourcesBuildPhase section */
		B15F5156292751BF006C48AF /* Resources */ = {
			isa = PBXResourcesBuildPhase;
			buildActionMask = 2147483647;
			files = (
				B15F5168292751C2006C48AF /* LaunchScreen.storyboard in Resources */,
				B15F518C292754B1006C48AF /* OMDB-Info.plist in Resources */,
				B1B1A7CB2928E793005DEBA5 /* Nunito-Regular.ttf in Resources */,
				B15F5165292751C2006C48AF /* Assets.xcassets in Resources */,
				B1B1A7CD2928E793005DEBA5 /* Nunito-Bold.ttf in Resources */,
				B1B1A7CC2928E793005DEBA5 /* Nunito-SemiBold.ttf in Resources */,
			);
			runOnlyForDeploymentPostprocessing = 0;
		};
		B15F516C292751C3006C48AF /* Resources */ = {
			isa = PBXResourcesBuildPhase;
			buildActionMask = 2147483647;
			files = (
				B1B1A7D32928E937005DEBA5 /* search_result_empty_sample.json in Resources */,
				B1B1A7D52928EAE3005DEBA5 /* search_result_sample_by_id.json in Resources */,
				B1B1A7CF2928E869005DEBA5 /* search_result_sample.json in Resources */,
			);
			runOnlyForDeploymentPostprocessing = 0;
		};
		B15F5176292751C3006C48AF /* Resources */ = {
			isa = PBXResourcesBuildPhase;
			buildActionMask = 2147483647;
			files = (
			);
			runOnlyForDeploymentPostprocessing = 0;
		};
/* End PBXResourcesBuildPhase section */

/* Begin PBXShellScriptBuildPhase section */
		22FA124BECB39CF74C420F45 /* [CP] Check Pods Manifest.lock */ = {
			isa = PBXShellScriptBuildPhase;
			buildActionMask = 2147483647;
			files = (
			);
			inputFileListPaths = (
			);
			inputPaths = (
				"${PODS_PODFILE_DIR_PATH}/Podfile.lock",
				"${PODS_ROOT}/Manifest.lock",
			);
			name = "[CP] Check Pods Manifest.lock";
			outputFileListPaths = (
			);
			outputPaths = (
				"$(DERIVED_FILE_DIR)/Pods-MoviesDB-MoviesDBUITests-checkManifestLockResult.txt",
			);
			runOnlyForDeploymentPostprocessing = 0;
			shellPath = /bin/sh;
			shellScript = "diff \"${PODS_PODFILE_DIR_PATH}/Podfile.lock\" \"${PODS_ROOT}/Manifest.lock\" > /dev/null\nif [ $? != 0 ] ; then\n    # print error to STDERR\n    echo \"error: The sandbox is not in sync with the Podfile.lock. Run 'pod install' or update your CocoaPods installation.\" >&2\n    exit 1\nfi\n# This output is used by Xcode 'outputs' to avoid re-running this script phase.\necho \"SUCCESS\" > \"${SCRIPT_OUTPUT_FILE_0}\"\n";
			showEnvVarsInLog = 0;
		};
		49776F2393F19CC7ABA9EE82 /* [CP] Check Pods Manifest.lock */ = {
			isa = PBXShellScriptBuildPhase;
			buildActionMask = 2147483647;
			files = (
			);
			inputFileListPaths = (
			);
			inputPaths = (
				"${PODS_PODFILE_DIR_PATH}/Podfile.lock",
				"${PODS_ROOT}/Manifest.lock",
			);
			name = "[CP] Check Pods Manifest.lock";
			outputFileListPaths = (
			);
			outputPaths = (
				"$(DERIVED_FILE_DIR)/Pods-MoviesDB-checkManifestLockResult.txt",
			);
			runOnlyForDeploymentPostprocessing = 0;
			shellPath = /bin/sh;
			shellScript = "diff \"${PODS_PODFILE_DIR_PATH}/Podfile.lock\" \"${PODS_ROOT}/Manifest.lock\" > /dev/null\nif [ $? != 0 ] ; then\n    # print error to STDERR\n    echo \"error: The sandbox is not in sync with the Podfile.lock. Run 'pod install' or update your CocoaPods installation.\" >&2\n    exit 1\nfi\n# This output is used by Xcode 'outputs' to avoid re-running this script phase.\necho \"SUCCESS\" > \"${SCRIPT_OUTPUT_FILE_0}\"\n";
			showEnvVarsInLog = 0;
		};
		646DD95683561DAB29C1F9CB /* [CP] Embed Pods Frameworks */ = {
			isa = PBXShellScriptBuildPhase;
			buildActionMask = 2147483647;
			files = (
			);
			inputFileListPaths = (
				"${PODS_ROOT}/Target Support Files/Pods-MoviesDB-MoviesDBUITests/Pods-MoviesDB-MoviesDBUITests-frameworks-${CONFIGURATION}-input-files.xcfilelist",
			);
			name = "[CP] Embed Pods Frameworks";
			outputFileListPaths = (
				"${PODS_ROOT}/Target Support Files/Pods-MoviesDB-MoviesDBUITests/Pods-MoviesDB-MoviesDBUITests-frameworks-${CONFIGURATION}-output-files.xcfilelist",
			);
			runOnlyForDeploymentPostprocessing = 0;
			shellPath = /bin/sh;
			shellScript = "\"${PODS_ROOT}/Target Support Files/Pods-MoviesDB-MoviesDBUITests/Pods-MoviesDB-MoviesDBUITests-frameworks.sh\"\n";
			showEnvVarsInLog = 0;
		};
		7058C80963C3B0ABB3CB47A1 /* [CP] Check Pods Manifest.lock */ = {
			isa = PBXShellScriptBuildPhase;
			buildActionMask = 2147483647;
			files = (
			);
			inputFileListPaths = (
			);
			inputPaths = (
				"${PODS_PODFILE_DIR_PATH}/Podfile.lock",
				"${PODS_ROOT}/Manifest.lock",
			);
			name = "[CP] Check Pods Manifest.lock";
			outputFileListPaths = (
			);
			outputPaths = (
				"$(DERIVED_FILE_DIR)/Pods-MoviesDBTests-checkManifestLockResult.txt",
			);
			runOnlyForDeploymentPostprocessing = 0;
			shellPath = /bin/sh;
			shellScript = "diff \"${PODS_PODFILE_DIR_PATH}/Podfile.lock\" \"${PODS_ROOT}/Manifest.lock\" > /dev/null\nif [ $? != 0 ] ; then\n    # print error to STDERR\n    echo \"error: The sandbox is not in sync with the Podfile.lock. Run 'pod install' or update your CocoaPods installation.\" >&2\n    exit 1\nfi\n# This output is used by Xcode 'outputs' to avoid re-running this script phase.\necho \"SUCCESS\" > \"${SCRIPT_OUTPUT_FILE_0}\"\n";
			showEnvVarsInLog = 0;
		};
		7F4B276292978A07D2D7B30D /* [CP] Embed Pods Frameworks */ = {
			isa = PBXShellScriptBuildPhase;
			buildActionMask = 2147483647;
			files = (
			);
			inputFileListPaths = (
				"${PODS_ROOT}/Target Support Files/Pods-MoviesDB/Pods-MoviesDB-frameworks-${CONFIGURATION}-input-files.xcfilelist",
			);
			name = "[CP] Embed Pods Frameworks";
			outputFileListPaths = (
				"${PODS_ROOT}/Target Support Files/Pods-MoviesDB/Pods-MoviesDB-frameworks-${CONFIGURATION}-output-files.xcfilelist",
			);
			runOnlyForDeploymentPostprocessing = 0;
			shellPath = /bin/sh;
			shellScript = "\"${PODS_ROOT}/Target Support Files/Pods-MoviesDB/Pods-MoviesDB-frameworks.sh\"\n";
			showEnvVarsInLog = 0;
		};
/* End PBXShellScriptBuildPhase section */

/* Begin PBXSourcesBuildPhase section */
		B15F5154292751BF006C48AF /* Sources */ = {
			isa = PBXSourcesBuildPhase;
			buildActionMask = 2147483647;
			files = (
				B15F51AD29277B3D006C48AF /* Toast.swift in Sources */,
				B15F51AB29277B3D006C48AF /* UIColor+Utility.swift in Sources */,
				B15F51B629277EAE006C48AF /* MoviesVC+UICollectionView.swift in Sources */,
				B15F51AC29277B3D006C48AF /* UICollectionView+Utility.swift in Sources */,
				B15F51B129277D75006C48AF /* MoviesVC+UITextField.swift in Sources */,
				B15F519929275BB5006C48AF /* MoviesContract.swift in Sources */,
				B15F51AA29277B3D006C48AF /* UIAlertController+Utility.swift in Sources */,
				B15F5191292758E0006C48AF /* RootRouter.swift in Sources */,
				B15F51AE29277B3D006C48AF /* UITableView+Utility.swift in Sources */,
				B15F51BA29277F48006C48AF /* MovieAPIService.swift in Sources */,
				B15F519629275B6E006C48AF /* MoviesVC.swift in Sources */,
				B15F519F29277A48006C48AF /* PinterestLayout.swift in Sources */,
				B15F51BB29277F48006C48AF /* NetworkManager.swift in Sources */,
				B15F519C29275CC4006C48AF /* MoviesRouter.swift in Sources */,
				B15F515C292751BF006C48AF /* AppDelegate.swift in Sources */,
				B15F51A929277B3D006C48AF /* UIFont+Utility.swift in Sources */,
				B15F51C02928E1C8006C48AF /* OMDbMovieResult.swift in Sources */,
				B15F51B429277E53006C48AF /* MovieContentCell.swift in Sources */,
				B15F51A829277B3D006C48AF /* UIWindow+Utility.swift in Sources */,
				B15F515E292751BF006C48AF /* SceneDelegate.swift in Sources */,
				B15F51AF29277B3D006C48AF /* UIViewController+Utility.swift in Sources */,
			);
			runOnlyForDeploymentPostprocessing = 0;
		};
		B15F516A292751C3006C48AF /* Sources */ = {
			isa = PBXSourcesBuildPhase;
			buildActionMask = 2147483647;
			files = (
				B1B1A7D12928E896005DEBA5 /* OMDbResultsTests.swift in Sources */,
				B15F51BD2928E074006C48AF /* MovieAPIServiceTests.swift in Sources */,
			);
			runOnlyForDeploymentPostprocessing = 0;
		};
		B15F5174292751C3006C48AF /* Sources */ = {
			isa = PBXSourcesBuildPhase;
			buildActionMask = 2147483647;
			files = (
				B15F517F292751C3006C48AF /* MoviesDBUITestsLaunchTests.swift in Sources */,
				B15F517D292751C3006C48AF /* MoviesDBUITests.swift in Sources */,
			);
			runOnlyForDeploymentPostprocessing = 0;
		};
/* End PBXSourcesBuildPhase section */

/* Begin PBXTargetDependency section */
		B15F5170292751C3006C48AF /* PBXTargetDependency */ = {
			isa = PBXTargetDependency;
			target = B15F5157292751BF006C48AF /* MoviesDB */;
			targetProxy = B15F516F292751C3006C48AF /* PBXContainerItemProxy */;
		};
		B15F517A292751C3006C48AF /* PBXTargetDependency */ = {
			isa = PBXTargetDependency;
			target = B15F5157292751BF006C48AF /* MoviesDB */;
			targetProxy = B15F5179292751C3006C48AF /* PBXContainerItemProxy */;
		};
/* End PBXTargetDependency section */

/* Begin PBXVariantGroup section */
		B15F5166292751C2006C48AF /* LaunchScreen.storyboard */ = {
			isa = PBXVariantGroup;
			children = (
				B15F5167292751C2006C48AF /* Base */,
			);
			name = LaunchScreen.storyboard;
			sourceTree = "<group>";
		};
/* End PBXVariantGroup section */

/* Begin XCBuildConfiguration section */
		B15F5180292751C3006C48AF /* Debug */ = {
			isa = XCBuildConfiguration;
			buildSettings = {
				ALWAYS_SEARCH_USER_PATHS = NO;
				CLANG_ANALYZER_NONNULL = YES;
				CLANG_ANALYZER_NUMBER_OBJECT_CONVERSION = YES_AGGRESSIVE;
				CLANG_CXX_LANGUAGE_STANDARD = "gnu++20";
				CLANG_ENABLE_MODULES = YES;
				CLANG_ENABLE_OBJC_ARC = YES;
				CLANG_ENABLE_OBJC_WEAK = YES;
				CLANG_WARN_BLOCK_CAPTURE_AUTORELEASING = YES;
				CLANG_WARN_BOOL_CONVERSION = YES;
				CLANG_WARN_COMMA = YES;
				CLANG_WARN_CONSTANT_CONVERSION = YES;
				CLANG_WARN_DEPRECATED_OBJC_IMPLEMENTATIONS = YES;
				CLANG_WARN_DIRECT_OBJC_ISA_USAGE = YES_ERROR;
				CLANG_WARN_DOCUMENTATION_COMMENTS = YES;
				CLANG_WARN_EMPTY_BODY = YES;
				CLANG_WARN_ENUM_CONVERSION = YES;
				CLANG_WARN_INFINITE_RECURSION = YES;
				CLANG_WARN_INT_CONVERSION = YES;
				CLANG_WARN_NON_LITERAL_NULL_CONVERSION = YES;
				CLANG_WARN_OBJC_IMPLICIT_RETAIN_SELF = YES;
				CLANG_WARN_OBJC_LITERAL_CONVERSION = YES;
				CLANG_WARN_OBJC_ROOT_CLASS = YES_ERROR;
				CLANG_WARN_QUOTED_INCLUDE_IN_FRAMEWORK_HEADER = YES;
				CLANG_WARN_RANGE_LOOP_ANALYSIS = YES;
				CLANG_WARN_STRICT_PROTOTYPES = YES;
				CLANG_WARN_SUSPICIOUS_MOVE = YES;
				CLANG_WARN_UNGUARDED_AVAILABILITY = YES_AGGRESSIVE;
				CLANG_WARN_UNREACHABLE_CODE = YES;
				CLANG_WARN__DUPLICATE_METHOD_MATCH = YES;
				COPY_PHASE_STRIP = NO;
				DEBUG_INFORMATION_FORMAT = dwarf;
				ENABLE_STRICT_OBJC_MSGSEND = YES;
				ENABLE_TESTABILITY = YES;
				GCC_C_LANGUAGE_STANDARD = gnu11;
				GCC_DYNAMIC_NO_PIC = NO;
				GCC_NO_COMMON_BLOCKS = YES;
				GCC_OPTIMIZATION_LEVEL = 0;
				GCC_PREPROCESSOR_DEFINITIONS = (
					"DEBUG=1",
					"$(inherited)",
				);
				GCC_WARN_64_TO_32_BIT_CONVERSION = YES;
				GCC_WARN_ABOUT_RETURN_TYPE = YES_ERROR;
				GCC_WARN_UNDECLARED_SELECTOR = YES;
				GCC_WARN_UNINITIALIZED_AUTOS = YES_AGGRESSIVE;
				GCC_WARN_UNUSED_FUNCTION = YES;
				GCC_WARN_UNUSED_VARIABLE = YES;
				IPHONEOS_DEPLOYMENT_TARGET = 12.1;
				MTL_ENABLE_DEBUG_INFO = INCLUDE_SOURCE;
				MTL_FAST_MATH = YES;
				ONLY_ACTIVE_ARCH = YES;
				SDKROOT = iphoneos;
				SWIFT_ACTIVE_COMPILATION_CONDITIONS = DEBUG;
				SWIFT_OPTIMIZATION_LEVEL = "-Onone";
			};
			name = Debug;
		};
		B15F5181292751C3006C48AF /* Release */ = {
			isa = XCBuildConfiguration;
			buildSettings = {
				ALWAYS_SEARCH_USER_PATHS = NO;
				CLANG_ANALYZER_NONNULL = YES;
				CLANG_ANALYZER_NUMBER_OBJECT_CONVERSION = YES_AGGRESSIVE;
				CLANG_CXX_LANGUAGE_STANDARD = "gnu++20";
				CLANG_ENABLE_MODULES = YES;
				CLANG_ENABLE_OBJC_ARC = YES;
				CLANG_ENABLE_OBJC_WEAK = YES;
				CLANG_WARN_BLOCK_CAPTURE_AUTORELEASING = YES;
				CLANG_WARN_BOOL_CONVERSION = YES;
				CLANG_WARN_COMMA = YES;
				CLANG_WARN_CONSTANT_CONVERSION = YES;
				CLANG_WARN_DEPRECATED_OBJC_IMPLEMENTATIONS = YES;
				CLANG_WARN_DIRECT_OBJC_ISA_USAGE = YES_ERROR;
				CLANG_WARN_DOCUMENTATION_COMMENTS = YES;
				CLANG_WARN_EMPTY_BODY = YES;
				CLANG_WARN_ENUM_CONVERSION = YES;
				CLANG_WARN_INFINITE_RECURSION = YES;
				CLANG_WARN_INT_CONVERSION = YES;
				CLANG_WARN_NON_LITERAL_NULL_CONVERSION = YES;
				CLANG_WARN_OBJC_IMPLICIT_RETAIN_SELF = YES;
				CLANG_WARN_OBJC_LITERAL_CONVERSION = YES;
				CLANG_WARN_OBJC_ROOT_CLASS = YES_ERROR;
				CLANG_WARN_QUOTED_INCLUDE_IN_FRAMEWORK_HEADER = YES;
				CLANG_WARN_RANGE_LOOP_ANALYSIS = YES;
				CLANG_WARN_STRICT_PROTOTYPES = YES;
				CLANG_WARN_SUSPICIOUS_MOVE = YES;
				CLANG_WARN_UNGUARDED_AVAILABILITY = YES_AGGRESSIVE;
				CLANG_WARN_UNREACHABLE_CODE = YES;
				CLANG_WARN__DUPLICATE_METHOD_MATCH = YES;
				COPY_PHASE_STRIP = NO;
				DEBUG_INFORMATION_FORMAT = "dwarf-with-dsym";
				ENABLE_NS_ASSERTIONS = NO;
				ENABLE_STRICT_OBJC_MSGSEND = YES;
				GCC_C_LANGUAGE_STANDARD = gnu11;
				GCC_NO_COMMON_BLOCKS = YES;
				GCC_WARN_64_TO_32_BIT_CONVERSION = YES;
				GCC_WARN_ABOUT_RETURN_TYPE = YES_ERROR;
				GCC_WARN_UNDECLARED_SELECTOR = YES;
				GCC_WARN_UNINITIALIZED_AUTOS = YES_AGGRESSIVE;
				GCC_WARN_UNUSED_FUNCTION = YES;
				GCC_WARN_UNUSED_VARIABLE = YES;
				IPHONEOS_DEPLOYMENT_TARGET = 12.1;
				MTL_ENABLE_DEBUG_INFO = NO;
				MTL_FAST_MATH = YES;
				SDKROOT = iphoneos;
				SWIFT_COMPILATION_MODE = wholemodule;
				SWIFT_OPTIMIZATION_LEVEL = "-O";
				VALIDATE_PRODUCT = YES;
			};
			name = Release;
		};
		B15F5183292751C3006C48AF /* Debug */ = {
			isa = XCBuildConfiguration;
			baseConfigurationReference = 00A46060D5DD8ED450F11598 /* Pods-MoviesDB.debug.xcconfig */;
			buildSettings = {
				ASSETCATALOG_COMPILER_APPICON_NAME = AppIcon;
				ASSETCATALOG_COMPILER_GLOBAL_ACCENT_COLOR_NAME = AccentColor;
				CODE_SIGN_STYLE = Automatic;
				CURRENT_PROJECT_VERSION = 1;
				DEVELOPMENT_TEAM = WJ47UB4V33;
				GENERATE_INFOPLIST_FILE = YES;
				INFOPLIST_FILE = "MoviesDB/Supporting Files/Info.plist";
				INFOPLIST_KEY_UIApplicationSupportsIndirectInputEvents = YES;
				INFOPLIST_KEY_UILaunchStoryboardName = LaunchScreen;
				INFOPLIST_KEY_UISupportedInterfaceOrientations = UIInterfaceOrientationPortrait;
				INFOPLIST_KEY_UISupportedInterfaceOrientations_iPad = "UIInterfaceOrientationLandscapeLeft UIInterfaceOrientationLandscapeRight UIInterfaceOrientationPortrait UIInterfaceOrientationPortraitUpsideDown";
				LD_RUNPATH_SEARCH_PATHS = (
					"$(inherited)",
					"@executable_path/Frameworks",
				);
				MARKETING_VERSION = 1.0;
				PRODUCT_BUNDLE_IDENTIFIER = com.tedjakusuma.iOS.MoviesDB;
				PRODUCT_NAME = "$(TARGET_NAME)";
				SUPPORTED_PLATFORMS = "iphoneos iphonesimulator";
				SUPPORTS_MACCATALYST = NO;
				SUPPORTS_MAC_DESIGNED_FOR_IPHONE_IPAD = NO;
				SWIFT_EMIT_LOC_STRINGS = YES;
				SWIFT_VERSION = 5.0;
				TARGETED_DEVICE_FAMILY = 1;
			};
			name = Debug;
		};
		B15F5184292751C3006C48AF /* Release */ = {
			isa = XCBuildConfiguration;
			baseConfigurationReference = C4491DEDECD679E9F95CF921 /* Pods-MoviesDB.release.xcconfig */;
			buildSettings = {
				ASSETCATALOG_COMPILER_APPICON_NAME = AppIcon;
				ASSETCATALOG_COMPILER_GLOBAL_ACCENT_COLOR_NAME = AccentColor;
				CODE_SIGN_STYLE = Automatic;
				CURRENT_PROJECT_VERSION = 1;
				DEVELOPMENT_TEAM = WJ47UB4V33;
				GENERATE_INFOPLIST_FILE = YES;
				INFOPLIST_FILE = "MoviesDB/Supporting Files/Info.plist";
				INFOPLIST_KEY_UIApplicationSupportsIndirectInputEvents = YES;
				INFOPLIST_KEY_UILaunchStoryboardName = LaunchScreen;
				INFOPLIST_KEY_UISupportedInterfaceOrientations = UIInterfaceOrientationPortrait;
				INFOPLIST_KEY_UISupportedInterfaceOrientations_iPad = "UIInterfaceOrientationLandscapeLeft UIInterfaceOrientationLandscapeRight UIInterfaceOrientationPortrait UIInterfaceOrientationPortraitUpsideDown";
				LD_RUNPATH_SEARCH_PATHS = (
					"$(inherited)",
					"@executable_path/Frameworks",
				);
				MARKETING_VERSION = 1.0;
				PRODUCT_BUNDLE_IDENTIFIER = com.tedjakusuma.iOS.MoviesDB;
				PRODUCT_NAME = "$(TARGET_NAME)";
				SUPPORTED_PLATFORMS = "iphoneos iphonesimulator";
				SUPPORTS_MACCATALYST = NO;
				SUPPORTS_MAC_DESIGNED_FOR_IPHONE_IPAD = NO;
				SWIFT_EMIT_LOC_STRINGS = YES;
				SWIFT_VERSION = 5.0;
				TARGETED_DEVICE_FAMILY = 1;
			};
			name = Release;
		};
		B15F5186292751C3006C48AF /* Debug */ = {
			isa = XCBuildConfiguration;
			baseConfigurationReference = 0674811BD662B62EA68CB74E /* Pods-MoviesDBTests.debug.xcconfig */;
			buildSettings = {
				ALWAYS_EMBED_SWIFT_STANDARD_LIBRARIES = "$(inherited)";
				BUNDLE_LOADER = "$(TEST_HOST)";
				CODE_SIGN_STYLE = Automatic;
				CURRENT_PROJECT_VERSION = 1;
				DEVELOPMENT_TEAM = WJ47UB4V33;
				GENERATE_INFOPLIST_FILE = YES;
				IPHONEOS_DEPLOYMENT_TARGET = 12.1;
				MARKETING_VERSION = 1.0;
				PRODUCT_BUNDLE_IDENTIFIER = com.tedjakusuma.iOS.MoviesDBTests;
				PRODUCT_NAME = "$(TARGET_NAME)";
				SWIFT_EMIT_LOC_STRINGS = NO;
				SWIFT_VERSION = 5.0;
				TARGETED_DEVICE_FAMILY = "1,2";
				TEST_HOST = "$(BUILT_PRODUCTS_DIR)/MoviesDB.app/$(BUNDLE_EXECUTABLE_FOLDER_PATH)/MoviesDB";
			};
			name = Debug;
		};
		B15F5187292751C3006C48AF /* Release */ = {
			isa = XCBuildConfiguration;
			baseConfigurationReference = 793E598130A24FAB5F378827 /* Pods-MoviesDBTests.release.xcconfig */;
			buildSettings = {
				ALWAYS_EMBED_SWIFT_STANDARD_LIBRARIES = "$(inherited)";
				BUNDLE_LOADER = "$(TEST_HOST)";
				CODE_SIGN_STYLE = Automatic;
				CURRENT_PROJECT_VERSION = 1;
				DEVELOPMENT_TEAM = WJ47UB4V33;
				GENERATE_INFOPLIST_FILE = YES;
				IPHONEOS_DEPLOYMENT_TARGET = 12.1;
				MARKETING_VERSION = 1.0;
				PRODUCT_BUNDLE_IDENTIFIER = com.tedjakusuma.iOS.MoviesDBTests;
				PRODUCT_NAME = "$(TARGET_NAME)";
				SWIFT_EMIT_LOC_STRINGS = NO;
				SWIFT_VERSION = 5.0;
				TARGETED_DEVICE_FAMILY = "1,2";
				TEST_HOST = "$(BUILT_PRODUCTS_DIR)/MoviesDB.app/$(BUNDLE_EXECUTABLE_FOLDER_PATH)/MoviesDB";
			};
			name = Release;
		};
		B15F5189292751C3006C48AF /* Debug */ = {
			isa = XCBuildConfiguration;
			baseConfigurationReference = 6022356FA0E01FB5683865BA /* Pods-MoviesDB-MoviesDBUITests.debug.xcconfig */;
			buildSettings = {
				ALWAYS_EMBED_SWIFT_STANDARD_LIBRARIES = "$(inherited)";
				CODE_SIGN_STYLE = Automatic;
				CURRENT_PROJECT_VERSION = 1;
				DEVELOPMENT_TEAM = WJ47UB4V33;
				GENERATE_INFOPLIST_FILE = YES;
				MARKETING_VERSION = 1.0;
				PRODUCT_BUNDLE_IDENTIFIER = com.tedjakusuma.iOS.MoviesDBUITests;
				PRODUCT_NAME = "$(TARGET_NAME)";
				SWIFT_EMIT_LOC_STRINGS = NO;
				SWIFT_VERSION = 5.0;
				TARGETED_DEVICE_FAMILY = "1,2";
				TEST_TARGET_NAME = MoviesDB;
			};
			name = Debug;
		};
		B15F518A292751C3006C48AF /* Release */ = {
			isa = XCBuildConfiguration;
			baseConfigurationReference = 6746581F9F4228F1131347DF /* Pods-MoviesDB-MoviesDBUITests.release.xcconfig */;
			buildSettings = {
				ALWAYS_EMBED_SWIFT_STANDARD_LIBRARIES = "$(inherited)";
				CODE_SIGN_STYLE = Automatic;
				CURRENT_PROJECT_VERSION = 1;
				DEVELOPMENT_TEAM = WJ47UB4V33;
				GENERATE_INFOPLIST_FILE = YES;
				MARKETING_VERSION = 1.0;
				PRODUCT_BUNDLE_IDENTIFIER = com.tedjakusuma.iOS.MoviesDBUITests;
				PRODUCT_NAME = "$(TARGET_NAME)";
				SWIFT_EMIT_LOC_STRINGS = NO;
				SWIFT_VERSION = 5.0;
				TARGETED_DEVICE_FAMILY = "1,2";
				TEST_TARGET_NAME = MoviesDB;
			};
			name = Release;
		};
/* End XCBuildConfiguration section */

/* Begin XCConfigurationList section */
		B15F5153292751BF006C48AF /* Build configuration list for PBXProject "MoviesDB" */ = {
			isa = XCConfigurationList;
			buildConfigurations = (
				B15F5180292751C3006C48AF /* Debug */,
				B15F5181292751C3006C48AF /* Release */,
			);
			defaultConfigurationIsVisible = 0;
			defaultConfigurationName = Release;
		};
		B15F5182292751C3006C48AF /* Build configuration list for PBXNativeTarget "MoviesDB" */ = {
			isa = XCConfigurationList;
			buildConfigurations = (
				B15F5183292751C3006C48AF /* Debug */,
				B15F5184292751C3006C48AF /* Release */,
			);
			defaultConfigurationIsVisible = 0;
			defaultConfigurationName = Release;
		};
		B15F5185292751C3006C48AF /* Build configuration list for PBXNativeTarget "MoviesDBTests" */ = {
			isa = XCConfigurationList;
			buildConfigurations = (
				B15F5186292751C3006C48AF /* Debug */,
				B15F5187292751C3006C48AF /* Release */,
			);
			defaultConfigurationIsVisible = 0;
			defaultConfigurationName = Release;
		};
		B15F5188292751C3006C48AF /* Build configuration list for PBXNativeTarget "MoviesDBUITests" */ = {
			isa = XCConfigurationList;
			buildConfigurations = (
				B15F5189292751C3006C48AF /* Debug */,
				B15F518A292751C3006C48AF /* Release */,
			);
			defaultConfigurationIsVisible = 0;
			defaultConfigurationName = Release;
		};
/* End XCConfigurationList section */
	};
	rootObject = B15F5150292751BF006C48AF /* Project object */;
}
